
Microsoft Visual Studio Solution File, Format Version 12.00
# Visual Studio 15
VisualStudioVersion = 15.0.28307.136
MinimumVisualStudioVersion = 10.0.40219.1
Project("{FAE04EC0-301F-11D3-BF4B-00C04F79EFBC}") = "LearningDomain", "LearningDomain\LearningDomain.csproj", "{D40057F9-3EEA-4837-8F1C-9977C0C8616E}"
EndProject
Project("{FAE04EC0-301F-11D3-BF4B-00C04F79EFBC}") = "ApplicationLogic", "ApplicationLogic\ApplicationLogic.csproj", "{4F0472B3-8075-44E1-BF7A-1A116DE8627D}"
EndProject
Project("{FAE04EC0-301F-11D3-BF4B-00C04F79EFBC}") = "ObjectGettersSetters", "ObjectGettersSetters\ObjectGettersSetters.csproj", "{65DE04F5-2DCD-4A39-83E7-F76F4BEC1917}"
EndProject
Project("{FAE04EC0-301F-11D3-BF4B-00C04F79EFBC}") = "DataAccess", "DataAccess\DataAccess.csproj", "{0BEE0111-5789-441A-A6D9-A899E0819925}"
EndProject
Global
	GlobalSection(SolutionConfigurationPlatforms) = preSolution
		Debug|Any CPU = Debug|Any CPU
		Release|Any CPU = Release|Any CPU
	EndGlobalSection
	GlobalSection(ProjectConfigurationPlatforms) = postSolution
		{D40057F9-3EEA-4837-8F1C-9977C0C8616E}.Debug|Any CPU.ActiveCfg = Debug|Any CPU
		{D40057F9-3EEA-4837-8F1C-9977C0C8616E}.Debug|Any CPU.Build.0 = Debug|Any CPU
		{D40057F9-3EEA-4837-8F1C-9977C0C8616E}.Release|Any CPU.ActiveCfg = Release|Any CPU
		{D40057F9-3EEA-4837-8F1C-9977C0C8616E}.Release|Any CPU.Build.0 = Release|Any CPU
		{4F0472B3-8075-44E1-BF7A-1A116DE8627D}.Debug|Any CPU.ActiveCfg = Debug|Any CPU
		{4F0472B3-8075-44E1-BF7A-1A116DE8627D}.Debug|Any CPU.Build.0 = Debug|Any CPU
		{4F0472B3-8075-44E1-BF7A-1A116DE8627D}.Release|Any CPU.ActiveCfg = Release|Any CPU
		{4F0472B3-8075-44E1-BF7A-1A116DE8627D}.Release|Any CPU.Build.0 = Release|Any CPU
		{65DE04F5-2DCD-4A39-83E7-F76F4BEC1917}.Debug|Any CPU.ActiveCfg = Debug|Any CPU
		{65DE04F5-2DCD-4A39-83E7-F76F4BEC1917}.Debug|Any CPU.Build.0 = Debug|Any CPU
		{65DE04F5-2DCD-4A39-83E7-F76F4BEC1917}.Release|Any CPU.ActiveCfg = Release|Any CPU
		{65DE04F5-2DCD-4A39-83E7-F76F4BEC1917}.Release|Any CPU.Build.0 = Release|Any CPU
		{0BEE0111-5789-441A-A6D9-A899E0819925}.Debug|Any CPU.ActiveCfg = Debug|Any CPU
		{0BEE0111-5789-441A-A6D9-A899E0819925}.Debug|Any CPU.Build.0 = Debug|Any CPU
		{0BEE0111-5789-441A-A6D9-A899E0819925}.Release|Any CPU.ActiveCfg = Release|Any CPU
		{0BEE0111-5789-441A-A6D9-A899E0819925}.Release|Any CPU.Build.0 = Release|Any CPU
	EndGlobalSection
	GlobalSection(SolutionProperties) = preSolution
		HideSolutionNode = FALSE
	EndGlobalSection
	GlobalSection(ExtensibilityGlobals) = postSolution
		SolutionGuid = {02C5C17B-7DCC-4774-9451-C0414880AA9A}
	EndGlobalSection
EndGlobal
